{
	"name": "@esss-swap/duo-validation",
	"version": "1.1.46",
	"lockfileVersion": 1,
	"requires": true,
	"dependencies": {
		"@babel/runtime": {
			"version": "7.11.2",
			"resolved": "https://registry.npmjs.org/@babel/runtime/-/runtime-7.11.2.tgz",
			"integrity": "sha512-TeWkU52so0mPtDcaCTxNBI/IHiz0pZgr8VEFqXFtZWpYD08ZB6FaSwVAS8MKRQAP3bYKiVjwysOJgMFY28o6Tw==",
			"requires": {
				"regenerator-runtime": "^0.13.4"
			}
		},
		"@types/yup": {
			"version": "0.29.6",
			"resolved": "https://registry.npmjs.org/@types/yup/-/yup-0.29.6.tgz",
			"integrity": "sha512-YPDo5L5uHyxQ4UkyJST+33stD8Z6IT9fvmKyaPAGxkZ6q19foEi6sQGkmqBvzSyRPdstFEeJiS2rKuTn8rfO5g==",
			"dev": true
		},
		"fn-name": {
			"version": "3.0.0",
			"resolved": "https://registry.npmjs.org/fn-name/-/fn-name-3.0.0.tgz",
			"integrity": "sha512-eNMNr5exLoavuAMhIUVsOKF79SWd/zG104ef6sxBTSw+cZc6BXdQXDvYcGvp0VbxVVSp1XDUNoz7mg1xMtSznA=="
		},
		"lodash": {
			"version": "4.17.20",
			"resolved": "https://registry.npmjs.org/lodash/-/lodash-4.17.20.tgz",
			"integrity": "sha512-PlhdFcillOINfeV7Ni6oF1TAEayyZBoZ8bcshTHqOYJYlrqzRK5hagpagky5o4HfCzzd1TRkXPMFq6cKk9rGmA=="
		},
		"lodash-es": {
			"version": "4.17.15",
			"resolved": "https://registry.npmjs.org/lodash-es/-/lodash-es-4.17.15.tgz",
			"integrity": "sha512-rlrc3yU3+JNOpZ9zj5pQtxnx2THmvRykwL4Xlxoa8I9lHBlVbbyPhgyPMioxVZ4NqyxaVVtaJnzsyOidQIhyyQ=="
		},
		"moment": {
			"version": "2.29.0",
			"resolved": "https://registry.npmjs.org/moment/-/moment-2.29.0.tgz",
			"integrity": "sha512-z6IJ5HXYiuxvFTI6eiQ9dm77uE0gyy1yXNApVHqTcnIKfY9tIwEjlzsZ6u1LQXvVgKeTnv9Xm7NDvJ7lso3MtA=="
		},
		"property-expr": {
			"version": "2.0.4",
			"resolved": "https://registry.npmjs.org/property-expr/-/property-expr-2.0.4.tgz",
			"integrity": "sha512-sFPkHQjVKheDNnPvotjQmm3KD3uk1fWKUN7CrpdbwmUx3CrG3QiM8QpTSimvig5vTXmTvjz7+TDvXOI9+4rkcg=="
		},
		"regenerator-runtime": {
			"version": "0.13.7",
			"resolved": "https://registry.npmjs.org/regenerator-runtime/-/regenerator-runtime-0.13.7.tgz",
			"integrity": "sha512-a54FxoJDIr27pgf7IgeQGxmqUNYrcV338lf/6gH456HZ/PhX+5BcwHXG9ajESmwe6WRO0tAzRUrRmNONWgkrew=="
		},
		"synchronous-promise": {
			"version": "2.0.13",
			"resolved": "https://registry.npmjs.org/synchronous-promise/-/synchronous-promise-2.0.13.tgz",
			"integrity": "sha512-R9N6uDkVsghHePKh1TEqbnLddO2IY25OcsksyFp/qBe7XYd0PVbKEWxhcdMhpLzE1I6skj5l4aEZ3CRxcbArlA=="
		},
		"toposort": {
			"version": "2.0.2",
			"resolved": "https://registry.npmjs.org/toposort/-/toposort-2.0.2.tgz",
			"integrity": "sha1-riF2gXXRVZ1IvvNUILL0li8JwzA="
		},
		"yup": {
			"version": "0.29.3",
			"resolved": "https://registry.npmjs.org/yup/-/yup-0.29.3.tgz",
			"integrity": "sha512-RNUGiZ/sQ37CkhzKFoedkeMfJM0vNQyaz+wRZJzxdKE7VfDeVKH8bb4rr7XhRLbHJz5hSjoDNwMEIaKhuMZ8gQ==",
			"requires": {
				"@babel/runtime": "^7.10.5",
				"fn-name": "~3.0.0",
				"lodash": "^4.17.15",
				"lodash-es": "^4.17.11",
				"property-expr": "^2.0.2",
				"synchronous-promise": "^2.0.13",
				"toposort": "^2.0.2"
			}
		}
	}
}
