{
 "name": "@esss-swap/duo-validation",
 "version": "2.1.0",
 "lockfileVersion": 1,
 "requires": true,
 "dependencies": {
  "@babel/runtime": {
   "version": "7.14.6",
   "resolved": "https://registry.npmjs.org/@babel/runtime/-/runtime-7.14.6.tgz",
   "integrity": "sha512-/PCB2uJ7oM44tz8YhC4Z/6PeOKXp4K588f+5M3clr1M4zbqztlo0XEfJ2LEzj/FgwfgGcIdl8n7YYjTCI0BYwg==",
   "requires": {
    "regenerator-runtime": "^0.13.4"
   }
  },
  "@types/lodash": {
   "version": "4.14.171",
   "resolved": "https://registry.npmjs.org/@types/lodash/-/lodash-4.14.171.tgz",
   "integrity": "sha512-7eQ2xYLLI/LsicL2nejW9Wyko3lcpN6O/z0ZLHrEQsg280zIdCv1t/0m6UtBjUHokCGBQ3gYTbHzDkZ1xOBwwg=="
  },
  "@types/sanitize-html": {
   "version": "2.3.2",
   "resolved": "https://registry.npmjs.org/@types/sanitize-html/-/sanitize-html-2.3.2.tgz",
   "integrity": "sha512-DnmoXsiqG2/RoSf6/lD3Hrs+TCM8ILtzNuuSjmOtRaP/ud9Sy3M3ctwD+SB50EIDs5GzVFF1dJk2Fq/ID/PNCQ==",
   "dev": true,
   "requires": {
    "htmlparser2": "^6.0.0"
   }
  },
  "@types/yup": {
   "version": "0.29.11",
   "resolved": "https://registry.npmjs.org/@types/yup/-/yup-0.29.11.tgz",
   "integrity": "sha512-9cwk3c87qQKZrT251EDoibiYRILjCmxBvvcb4meofCmx1vdnNcR9gyildy5vOHASpOKMsn42CugxUvcwK5eu1g==",
   "dev": true
  },
  "deepmerge": {
   "version": "4.2.2",
   "resolved": "https://registry.npmjs.org/deepmerge/-/deepmerge-4.2.2.tgz",
   "integrity": "sha512-FJ3UgI4gIl+PHZm53knsuSFpE+nESMr7M4v9QcgB7S63Kj/6WqMiFQJpBBYz1Pt+66bZpP3Q7Lye0Oo9MPKEdg=="
  },
  "dom-serializer": {
   "version": "1.3.2",
   "resolved": "https://registry.npmjs.org/dom-serializer/-/dom-serializer-1.3.2.tgz",
   "integrity": "sha512-5c54Bk5Dw4qAxNOI1pFEizPSjVsx5+bpJKmL2kPn8JhBUq2q09tTCa3mjijun2NfK78NMouDYNMBkOrPZiS+ig==",
   "requires": {
    "domelementtype": "^2.0.1",
    "domhandler": "^4.2.0",
    "entities": "^2.0.0"
   }
  },
  "domelementtype": {
   "version": "2.2.0",
   "resolved": "https://registry.npmjs.org/domelementtype/-/domelementtype-2.2.0.tgz",
   "integrity": "sha512-DtBMo82pv1dFtUmHyr48beiuq792Sxohr+8Hm9zoxklYPfa6n0Z3Byjj2IV7bmr2IyqClnqEQhfgHJJ5QF0R5A=="
  },
  "domhandler": {
   "version": "4.2.0",
   "resolved": "https://registry.npmjs.org/domhandler/-/domhandler-4.2.0.tgz",
   "integrity": "sha512-zk7sgt970kzPks2Bf+dwT/PLzghLnsivb9CcxkvR8Mzr66Olr0Ofd8neSbglHJHaHa2MadfoSdNlKYAaafmWfA==",
   "requires": {
    "domelementtype": "^2.2.0"
   }
  },
  "domutils": {
   "version": "2.7.0",
   "resolved": "https://registry.npmjs.org/domutils/-/domutils-2.7.0.tgz",
   "integrity": "sha512-8eaHa17IwJUPAiB+SoTYBo5mCdeMgdcAoXJ59m6DT1vw+5iLS3gNoqYaRowaBKtGVrOF1Jz4yDTgYKLK2kvfJg==",
   "requires": {
    "dom-serializer": "^1.0.1",
    "domelementtype": "^2.2.0",
    "domhandler": "^4.2.0"
   }
  },
  "entities": {
   "version": "2.2.0",
   "resolved": "https://registry.npmjs.org/entities/-/entities-2.2.0.tgz",
   "integrity": "sha512-p92if5Nz619I0w+akJrLZH0MX0Pb5DX39XOwQTtXSdQQOaYH03S1uIQp4mhOZtAXrxq4ViO67YTiLBo2638o9A=="
  },
  "escape-string-regexp": {
   "version": "4.0.0",
   "resolved": "https://registry.npmjs.org/escape-string-regexp/-/escape-string-regexp-4.0.0.tgz",
   "integrity": "sha512-TtpcNJ3XAzx3Gq8sWRzJaVajRs0uVxA2YAkdb1jm2YkPz4G6egUFAyA3n5vtEIZefPk5Wa4UXbKuS5fKkJWdgA=="
  },
  "htmlparser2": {
   "version": "6.1.0",
   "resolved": "https://registry.npmjs.org/htmlparser2/-/htmlparser2-6.1.0.tgz",
   "integrity": "sha512-gyyPk6rgonLFEDGoeRgQNaEUvdJ4ktTmmUh/h2t7s+M8oPpIPxgNACWa+6ESR57kXstwqPiCut0V8NRpcwgU7A==",
   "requires": {
    "domelementtype": "^2.0.1",
    "domhandler": "^4.0.0",
    "domutils": "^2.5.2",
    "entities": "^2.0.0"
   }
  },
  "is-plain-object": {
   "version": "5.0.0",
   "resolved": "https://registry.npmjs.org/is-plain-object/-/is-plain-object-5.0.0.tgz",
   "integrity": "sha512-VRSzKkbMm5jMDoKLbltAkFQ5Qr7VDiTFGXxYFXXowVj387GeGNOCsOH6Msy00SGZ3Fp84b1Naa1psqgcCIEP5Q=="
  },
  "klona": {
   "version": "2.0.4",
   "resolved": "https://registry.npmjs.org/klona/-/klona-2.0.4.tgz",
   "integrity": "sha512-ZRbnvdg/NxqzC7L9Uyqzf4psi1OM4Cuc+sJAkQPjO6XkQIJTNbfK2Rsmbw8fx1p2mkZdp2FZYo2+LwXYY/uwIA=="
  },
  "lodash": {
   "version": "4.17.21",
   "resolved": "https://registry.npmjs.org/lodash/-/lodash-4.17.21.tgz",
   "integrity": "sha512-v2kDEe57lecTulaDIuNTPy3Ry4gLGJ6Z1O3vE1krgXZNrsQ+LFTGHVxVjcXPs17LhbZVGedAJv8XZ1tvj5FvSg=="
  },
  "lodash-es": {
   "version": "4.17.21",
   "resolved": "https://registry.npmjs.org/lodash-es/-/lodash-es-4.17.21.tgz",
   "integrity": "sha512-mKnC+QJ9pWVzv+C4/U3rRsHapFfHvQFoFB92e52xeyGMcX6/OlIl78je1u8vePzYZSkkogMPJ2yjxxsb89cxyw=="
  },
  "moment": {
   "version": "2.29.1",
   "resolved": "https://registry.npmjs.org/moment/-/moment-2.29.1.tgz",
   "integrity": "sha512-kHmoybcPV8Sqy59DwNDY3Jefr64lK/by/da0ViFcuA4DH0vQg5Q6Ze5VimxkfQNSC+Mls/Kx53s7TjP1RhFEDQ=="
  },
  "nanoclone": {
   "version": "0.2.1",
   "resolved": "https://registry.npmjs.org/nanoclone/-/nanoclone-0.2.1.tgz",
   "integrity": "sha512-wynEP02LmIbLpcYw8uBKpcfF6dmg2vcpKqxeH5UcoKEYdExslsdUA4ugFauuaeYdTB76ez6gJW8XAZ6CgkXYxA=="
  },
  "nanoid": {
   "version": "3.1.29",
   "resolved": "https://registry.npmjs.org/nanoid/-/nanoid-3.1.29.tgz",
   "integrity": "sha512-dW2pUSGZ8ZnCFIlBIA31SV8huOGCHb6OwzVCc7A69rb/a+SgPBwfmLvK5TKQ3INPbRkcI8a/Owo0XbiTNH19wg=="
  },
  "parse-srcset": {
   "version": "1.0.2",
   "resolved": "https://registry.npmjs.org/parse-srcset/-/parse-srcset-1.0.2.tgz",
   "integrity": "sha1-8r0iH2zJcKk42IVWq8WJyqqiveE="
  },
  "picocolors": {
   "version": "0.2.1",
   "resolved": "https://registry.npmjs.org/picocolors/-/picocolors-0.2.1.tgz",
   "integrity": "sha512-cMlDqaLEqfSaW8Z7N5Jw+lyIW869EzT73/F5lhtY9cLGoVxSXznfgfXMO0Z5K0o0Q2TkTXq+0KFsdnSe3jDViA=="
  },
  "postcss": {
   "version": "8.3.9",
   "resolved": "https://registry.npmjs.org/postcss/-/postcss-8.3.9.tgz",
   "integrity": "sha512-f/ZFyAKh9Dnqytx5X62jgjhhzttjZS7hMsohcI7HEI5tjELX/HxCy3EFhsRxyzGvrzFF+82XPvCS8T9TFleVJw==",
   "requires": {
    "nanoid": "^3.1.28",
    "picocolors": "^0.2.1",
    "source-map-js": "^0.6.2"
   }
  },
  "property-expr": {
   "version": "2.0.4",
   "resolved": "https://registry.npmjs.org/property-expr/-/property-expr-2.0.4.tgz",
   "integrity": "sha512-sFPkHQjVKheDNnPvotjQmm3KD3uk1fWKUN7CrpdbwmUx3CrG3QiM8QpTSimvig5vTXmTvjz7+TDvXOI9+4rkcg=="
  },
  "regenerator-runtime": {
   "version": "0.13.7",
   "resolved": "https://registry.npmjs.org/regenerator-runtime/-/regenerator-runtime-0.13.7.tgz",
   "integrity": "sha512-a54FxoJDIr27pgf7IgeQGxmqUNYrcV338lf/6gH456HZ/PhX+5BcwHXG9ajESmwe6WRO0tAzRUrRmNONWgkrew=="
  },
  "sanitize-html": {
   "version": "2.5.1",
   "resolved": "https://registry.npmjs.org/sanitize-html/-/sanitize-html-2.5.1.tgz",
   "integrity": "sha512-hUITPitQk+eFNLtr4dEkaaiAJndG2YE87IOpcfBSL1XdklWgwcNDJdr9Ppe8QKL/C3jFt1xH/Mbj20e0GZQOfg==",
   "requires": {
    "deepmerge": "^4.2.2",
    "escape-string-regexp": "^4.0.0",
    "htmlparser2": "^6.0.0",
    "is-plain-object": "^5.0.0",
    "klona": "^2.0.3",
    "parse-srcset": "^1.0.2",
    "postcss": "^8.0.2"
   }
  },
  "source-map-js": {
   "version": "0.6.2",
   "resolved": "https://registry.npmjs.org/source-map-js/-/source-map-js-0.6.2.tgz",
   "integrity": "sha512-/3GptzWzu0+0MBQFrDKzw/DvvMTUORvgY6k6jd/VS6iCR4RDTKWH6v6WPwQoUO8667uQEf9Oe38DxAYWY5F/Ug=="
  },
  "toposort": {
   "version": "2.0.2",
   "resolved": "https://registry.npmjs.org/toposort/-/toposort-2.0.2.tgz",
   "integrity": "sha1-riF2gXXRVZ1IvvNUILL0li8JwzA="
  },
  "yup": {
   "version": "0.32.9",
   "resolved": "https://registry.npmjs.org/yup/-/yup-0.32.9.tgz",
   "integrity": "sha512-Ci1qN+i2H0XpY7syDQ0k5zKQ/DoxO0LzPg8PAR/X4Mpj6DqaeCoIYEEjDJwhArh3Fa7GWbQQVDZKeXYlSH4JMg==",
   "requires": {
    "@babel/runtime": "^7.10.5",
    "@types/lodash": "^4.14.165",
    "lodash": "^4.17.20",
    "lodash-es": "^4.17.15",
    "nanoclone": "^0.2.1",
    "property-expr": "^2.0.4",
    "toposort": "^2.0.2"
   }
  }
 }
}
