{
	"name": "@user-office-software/duo-logger",
	"version": "1.1.2",
	"lockfileVersion": 1,
	"requires": true,
	"dependencies": {
		"async": {
			"version": "2.6.3",
			"resolved": "https://registry.npmjs.org/async/-/async-2.6.3.tgz",
			"integrity": "sha512-zflvls11DCy+dQWzTW2dzuilv8Z5X/pjfmZOWba6TNIVDm+2UDaJmXSOXlasHKfNBs8oo3M0aT50fDEWfKZjXg==",
			"requires": {
				"lodash": "^4.17.14"
			}
		},
		"fast-safe-stringify": {
			"version": "2.1.1",
			"resolved": "https://registry.npmjs.org/fast-safe-stringify/-/fast-safe-stringify-2.1.1.tgz",
			"integrity": "sha512-W+KJc2dmILlPplD/H4K9l9LcAHAfPtP6BY84uVLXQ6Evcz9Lcg33Y2z1IVblT6xdY54PXYVHEv+0Wpq8Io6zkA=="
		},
		"gelf-pro": {
			"version": "1.3.6",
			"resolved": "https://registry.npmjs.org/gelf-pro/-/gelf-pro-1.3.6.tgz",
			"integrity": "sha512-56mK0FvzgUhIWnNSaeP4leTUOJGt9beGdIiYQWOVdafcDXiemWhEpPcOpakRV9RVj0KQf3pal575YOODahYGoA==",
			"requires": {
				"async": "~2.6.3",
				"lodash": "~4.17.21"
			}
		},
		"lodash": {
			"version": "4.17.21",
			"resolved": "https://registry.npmjs.org/lodash/-/lodash-4.17.21.tgz",
			"integrity": "sha512-v2kDEe57lecTulaDIuNTPy3Ry4gLGJ6Z1O3vE1krgXZNrsQ+LFTGHVxVjcXPs17LhbZVGedAJv8XZ1tvj5FvSg=="
		}
	}
}
